
Microsoft Visual Studio Solution File, Format Version 12.00
# Visual Studio Version 16
VisualStudioVersion = 16.0.30709.64
MinimumVisualStudioVersion = 10.0.40219.1
Project("{8BC9CEB8-8B4A-11D0-8D11-00A0C91BC942}") = "modern_warfare_client", "modern_warfare\modern_warfare.vcxproj", "{4A69FC80-8531-4350-B836-A1076D2FD136}"
EndProject
Project("{8BC9CEB8-8B4A-11D0-8D11-00A0C91BC942}") = "modern_warfare_driver", "modern_warfare_driver\modern_warfare_driver.vcxproj", "{30EAC4AD-21EC-4982-B136-2BB9C1361551}"
EndProject
Global
	GlobalSection(SolutionConfigurationPlatforms) = preSolution
		Debug|ARM = Debug|ARM
		Debug|ARM64 = Debug|ARM64
		Debug|x64 = Debug|x64
		Debug|x86 = Debug|x86
		Release|ARM = Release|ARM
		Release|ARM64 = Release|ARM64
		Release|x64 = Release|x64
		Release|x86 = Release|x86
	EndGlobalSection
	GlobalSection(ProjectConfigurationPlatforms) = postSolution
		{4A69FC80-8531-4350-B836-A1076D2FD136}.Debug|ARM.ActiveCfg = Debug|Win32
		{4A69FC80-8531-4350-B836-A1076D2FD136}.Debug|ARM64.ActiveCfg = Debug|Win32
		{4A69FC80-8531-4350-B836-A1076D2FD136}.Debug|x64.ActiveCfg = Debug|x64
		{4A69FC80-8531-4350-B836-A1076D2FD136}.Debug|x64.Build.0 = Debug|x64
		{4A69FC80-8531-4350-B836-A1076D2FD136}.Debug|x86.ActiveCfg = Debug|Win32
		{4A69FC80-8531-4350-B836-A1076D2FD136}.Debug|x86.Build.0 = Debug|Win32
		{4A69FC80-8531-4350-B836-A1076D2FD136}.Release|ARM.ActiveCfg = Release|Win32
		{4A69FC80-8531-4350-B836-A1076D2FD136}.Release|ARM64.ActiveCfg = Release|Win32
		{4A69FC80-8531-4350-B836-A1076D2FD136}.Release|x64.ActiveCfg = Release|x64
		{4A69FC80-8531-4350-B836-A1076D2FD136}.Release|x64.Build.0 = Release|x64
		{4A69FC80-8531-4350-B836-A1076D2FD136}.Release|x86.ActiveCfg = Release|Win32
		{4A69FC80-8531-4350-B836-A1076D2FD136}.Release|x86.Build.0 = Release|Win32
		{30EAC4AD-21EC-4982-B136-2BB9C1361551}.Debug|ARM.ActiveCfg = Debug|ARM
		{30EAC4AD-21EC-4982-B136-2BB9C1361551}.Debug|ARM.Build.0 = Debug|ARM
		{30EAC4AD-21EC-4982-B136-2BB9C1361551}.Debug|ARM.Deploy.0 = Debug|ARM
		{30EAC4AD-21EC-4982-B136-2BB9C1361551}.Debug|ARM64.ActiveCfg = Debug|ARM64
		{30EAC4AD-21EC-4982-B136-2BB9C1361551}.Debug|ARM64.Build.0 = Debug|ARM64
		{30EAC4AD-21EC-4982-B136-2BB9C1361551}.Debug|ARM64.Deploy.0 = Debug|ARM64
		{30EAC4AD-21EC-4982-B136-2BB9C1361551}.Debug|x64.ActiveCfg = Debug|x64
		{30EAC4AD-21EC-4982-B136-2BB9C1361551}.Debug|x64.Build.0 = Debug|x64
		{30EAC4AD-21EC-4982-B136-2BB9C1361551}.Debug|x64.Deploy.0 = Debug|x64
		{30EAC4AD-21EC-4982-B136-2BB9C1361551}.Debug|x86.ActiveCfg = Debug|Win32
		{30EAC4AD-21EC-4982-B136-2BB9C1361551}.Debug|x86.Build.0 = Debug|Win32
		{30EAC4AD-21EC-4982-B136-2BB9C1361551}.Debug|x86.Deploy.0 = Debug|Win32
		{30EAC4AD-21EC-4982-B136-2BB9C1361551}.Release|ARM.ActiveCfg = Release|ARM
		{30EAC4AD-21EC-4982-B136-2BB9C1361551}.Release|ARM.Build.0 = Release|ARM
		{30EAC4AD-21EC-4982-B136-2BB9C1361551}.Release|ARM.Deploy.0 = Release|ARM
		{30EAC4AD-21EC-4982-B136-2BB9C1361551}.Release|ARM64.ActiveCfg = Release|ARM64
		{30EAC4AD-21EC-4982-B136-2BB9C1361551}.Release|ARM64.Build.0 = Release|ARM64
		{30EAC4AD-21EC-4982-B136-2BB9C1361551}.Release|ARM64.Deploy.0 = Release|ARM64
		{30EAC4AD-21EC-4982-B136-2BB9C1361551}.Release|x64.ActiveCfg = Release|x64
		{30EAC4AD-21EC-4982-B136-2BB9C1361551}.Release|x64.Build.0 = Release|x64
		{30EAC4AD-21EC-4982-B136-2BB9C1361551}.Release|x64.Deploy.0 = Release|x64
		{30EAC4AD-21EC-4982-B136-2BB9C1361551}.Release|x86.ActiveCfg = Release|Win32
		{30EAC4AD-21EC-4982-B136-2BB9C1361551}.Release|x86.Build.0 = Release|Win32
		{30EAC4AD-21EC-4982-B136-2BB9C1361551}.Release|x86.Deploy.0 = Release|Win32
	EndGlobalSection
	GlobalSection(SolutionProperties) = preSolution
		HideSolutionNode = FALSE
	EndGlobalSection
	GlobalSection(ExtensibilityGlobals) = postSolution
		SolutionGuid = {F07BEE3F-562E-4CF1-A73A-62601F46C319}
	EndGlobalSection
EndGlobal
